// !$*UTF8*$!
{
	archiveVersion = 1;
	classes = {
	};
	objectVersion = 48;
	objects = {

/* Begin PBXBuildFile section */
		2C0A04EC1FE96714001AC1A9 /* AppDelegate.swift in Sources */ = {isa = PBXBuildFile; fileRef = 2C0A04EB1FE96714001AC1A9 /* AppDelegate.swift */; };
		2C0A04F11FE96714001AC1A9 /* Main.storyboard in Resources */ = {isa = PBXBuildFile; fileRef = 2C0A04EF1FE96714001AC1A9 /* Main.storyboard */; };
		2C0A04F41FE96714001AC1A9 /* Ethia.xcdatamodeld in Sources */ = {isa = PBXBuildFile; fileRef = 2C0A04F21FE96714001AC1A9 /* Ethia.xcdatamodeld */; };
		2C0A04F61FE96714001AC1A9 /* Assets.xcassets in Resources */ = {isa = PBXBuildFile; fileRef = 2C0A04F51FE96714001AC1A9 /* Assets.xcassets */; };
		2C0A04F91FE96714001AC1A9 /* LaunchScreen.storyboard in Resources */ = {isa = PBXBuildFile; fileRef = 2C0A04F71FE96714001AC1A9 /* LaunchScreen.storyboard */; };
		2C0A05041FE96715001AC1A9 /* EthiaTests.swift in Sources */ = {isa = PBXBuildFile; fileRef = 2C0A05031FE96715001AC1A9 /* EthiaTests.swift */; };
		2C0A050F1FE96715001AC1A9 /* EthiaUITests.swift in Sources */ = {isa = PBXBuildFile; fileRef = 2C0A050E1FE96715001AC1A9 /* EthiaUITests.swift */; };
		2C0A051E1FE9694A001AC1A9 /* LoginVC.swift in Sources */ = {isa = PBXBuildFile; fileRef = 2C0A051D1FE9694A001AC1A9 /* LoginVC.swift */; };
		2C0A05241FE98436001AC1A9 /* CustomTextField.swift in Sources */ = {isa = PBXBuildFile; fileRef = 2C0A05211FE98436001AC1A9 /* CustomTextField.swift */; };
		2C0A05251FE98436001AC1A9 /* UITextView+Placeholder.m in Sources */ = {isa = PBXBuildFile; fileRef = 2C0A05231FE98436001AC1A9 /* UITextView+Placeholder.m */; };
		2C0A05271FE98C3F001AC1A9 /* RegisterVC.swift in Sources */ = {isa = PBXBuildFile; fileRef = 2C0A05261FE98C3F001AC1A9 /* RegisterVC.swift */; };
		2C0A05291FE98DB3001AC1A9 /* VerifyOTP.swift in Sources */ = {isa = PBXBuildFile; fileRef = 2C0A05281FE98DB3001AC1A9 /* VerifyOTP.swift */; };
		2C1075DB1FF81F9C008C4CDE /* CameraVC.swift in Sources */ = {isa = PBXBuildFile; fileRef = 2C1075DA1FF81F9C008C4CDE /* CameraVC.swift */; };
		2C1075DD1FF822CF008C4CDE /* UserProfileVC.swift in Sources */ = {isa = PBXBuildFile; fileRef = 2C1075DC1FF822CF008C4CDE /* UserProfileVC.swift */; };
		2C1075DF1FF83059008C4CDE /* TransactionsVC.swift in Sources */ = {isa = PBXBuildFile; fileRef = 2C1075DE1FF83059008C4CDE /* TransactionsVC.swift */; };
		2C241B891FFC0EE6004A3B00 /* LoyaltyVC.swift in Sources */ = {isa = PBXBuildFile; fileRef = 2C241B881FFC0EE6004A3B00 /* LoyaltyVC.swift */; };
		2C241B8B1FFC13A9004A3B00 /* SubPromotionListVC.swift in Sources */ = {isa = PBXBuildFile; fileRef = 2C241B8A1FFC13A9004A3B00 /* SubPromotionListVC.swift */; };
		2C241B8D1FFC17DA004A3B00 /* ScanVC.swift in Sources */ = {isa = PBXBuildFile; fileRef = 2C241B8C1FFC17DA004A3B00 /* ScanVC.swift */; };
		2C2CC0431FFAB42B00E4C88B /* PasswordVC.swift in Sources */ = {isa = PBXBuildFile; fileRef = 2C2CC0421FFAB42B00E4C88B /* PasswordVC.swift */; };
		2C2CC0451FFABB0800E4C88B /* UserDetailVC.swift in Sources */ = {isa = PBXBuildFile; fileRef = 2C2CC0441FFABB0800E4C88B /* UserDetailVC.swift */; };
		2C2CC0471FFAC89300E4C88B /* ShopDetailVC.swift in Sources */ = {isa = PBXBuildFile; fileRef = 2C2CC0461FFAC89300E4C88B /* ShopDetailVC.swift */; };
		2C2CC0491FFAC8EC00E4C88B /* PromotionsVC.swift in Sources */ = {isa = PBXBuildFile; fileRef = 2C2CC0481FFAC8EC00E4C88B /* PromotionsVC.swift */; };
		2C2CC04B1FFACB8A00E4C88B /* LoyaltyDetailVC.swift in Sources */ = {isa = PBXBuildFile; fileRef = 2C2CC04A1FFACB8A00E4C88B /* LoyaltyDetailVC.swift */; };
		2C4783B5203CB5B1000A1A68 /* LeckerliOne-Regular.ttf in Resources */ = {isa = PBXBuildFile; fileRef = 2C4783B4203CB485000A1A68 /* LeckerliOne-Regular.ttf */; };
		2C4783B7203CB5DD000A1A68 /* LeckerliOne-Regular.otf in Resources */ = {isa = PBXBuildFile; fileRef = 2C4783B6203CB5D8000A1A68 /* LeckerliOne-Regular.otf */; };
		43FC608BC5D7C6073A08268B /* Pods_Ethia.framework in Frameworks */ = {isa = PBXBuildFile; fileRef = 8E3B4560102C03F7E67EB5E0 /* Pods_Ethia.framework */; };
		B9286855125119C68B57844D /* Pods_EthiaTests.framework in Frameworks */ = {isa = PBXBuildFile; fileRef = 72A3EB5F4AF23BE852B439DD /* Pods_EthiaTests.framework */; };
		C2D947A49DDFE05A77619925 /* Pods_EthiaUITests.framework in Frameworks */ = {isa = PBXBuildFile; fileRef = 5BAA74524ABE6DAF7706385A /* Pods_EthiaUITests.framework */; };
/* End PBXBuildFile section */

/* Begin PBXContainerItemProxy section */
		2C0A05001FE96715001AC1A9 /* PBXContainerItemProxy */ = {
			isa = PBXContainerItemProxy;
			containerPortal = 2C0A04E01FE96714001AC1A9 /* Project object */;
			proxyType = 1;
			remoteGlobalIDString = 2C0A04E71FE96714001AC1A9;
			remoteInfo = Ethia;
		};
		2C0A050B1FE96715001AC1A9 /* PBXContainerItemProxy */ = {
			isa = PBXContainerItemProxy;
			containerPortal = 2C0A04E01FE96714001AC1A9 /* Project object */;
			proxyType = 1;
			remoteGlobalIDString = 2C0A04E71FE96714001AC1A9;
			remoteInfo = Ethia;
		};
/* End PBXContainerItemProxy section */

/* Begin PBXFileReference section */
		00EF51BB0AF088F52CC718F6 /* Pods-Ethia.debug.xcconfig */ = {isa = PBXFileReference; includeInIndex = 1; lastKnownFileType = text.xcconfig; name = "Pods-Ethia.debug.xcconfig"; path = "Pods/Target Support Files/Pods-Ethia/Pods-Ethia.debug.xcconfig"; sourceTree = "<group>"; };
		15DF2C3BB33C854FCB38C463 /* Pods-EthiaUITests.debug.xcconfig */ = {isa = PBXFileReference; includeInIndex = 1; lastKnownFileType = text.xcconfig; name = "Pods-EthiaUITests.debug.xcconfig"; path = "Pods/Target Support Files/Pods-EthiaUITests/Pods-EthiaUITests.debug.xcconfig"; sourceTree = "<group>"; };
		2C0A04E81FE96714001AC1A9 /* Ethia.app */ = {isa = PBXFileReference; explicitFileType = wrapper.application; includeInIndex = 0; path = Ethia.app; sourceTree = BUILT_PRODUCTS_DIR; };
		2C0A04EB1FE96714001AC1A9 /* AppDelegate.swift */ = {isa = PBXFileReference; lastKnownFileType = sourcecode.swift; path = AppDelegate.swift; sourceTree = "<group>"; };
		2C0A04F01FE96714001AC1A9 /* Base */ = {isa = PBXFileReference; lastKnownFileType = file.storyboard; name = Base; path = Base.lproj/Main.storyboard; sourceTree = "<group>"; };
		2C0A04F31FE96714001AC1A9 /* Ethia.xcdatamodel */ = {isa = PBXFileReference; lastKnownFileType = wrapper.xcdatamodel; path = Ethia.xcdatamodel; sourceTree = "<group>"; };
		2C0A04F51FE96714001AC1A9 /* Assets.xcassets */ = {isa = PBXFileReference; lastKnownFileType = folder.assetcatalog; path = Assets.xcassets; sourceTree = "<group>"; };
		2C0A04F81FE96714001AC1A9 /* Base */ = {isa = PBXFileReference; lastKnownFileType = file.storyboard; name = Base; path = Base.lproj/LaunchScreen.storyboard; sourceTree = "<group>"; };
		2C0A04FA1FE96714001AC1A9 /* Info.plist */ = {isa = PBXFileReference; lastKnownFileType = text.plist.xml; path = Info.plist; sourceTree = "<group>"; };
		2C0A04FF1FE96715001AC1A9 /* EthiaTests.xctest */ = {isa = PBXFileReference; explicitFileType = wrapper.cfbundle; includeInIndex = 0; path = EthiaTests.xctest; sourceTree = BUILT_PRODUCTS_DIR; };
		2C0A05031FE96715001AC1A9 /* EthiaTests.swift */ = {isa = PBXFileReference; lastKnownFileType = sourcecode.swift; path = EthiaTests.swift; sourceTree = "<group>"; };
		2C0A05051FE96715001AC1A9 /* Info.plist */ = {isa = PBXFileReference; lastKnownFileType = text.plist.xml; path = Info.plist; sourceTree = "<group>"; };
		2C0A050A1FE96715001AC1A9 /* EthiaUITests.xctest */ = {isa = PBXFileReference; explicitFileType = wrapper.cfbundle; includeInIndex = 0; path = EthiaUITests.xctest; sourceTree = BUILT_PRODUCTS_DIR; };
		2C0A050E1FE96715001AC1A9 /* EthiaUITests.swift */ = {isa = PBXFileReference; lastKnownFileType = sourcecode.swift; path = EthiaUITests.swift; sourceTree = "<group>"; };
		2C0A05101FE96715001AC1A9 /* Info.plist */ = {isa = PBXFileReference; lastKnownFileType = text.plist.xml; path = Info.plist; sourceTree = "<group>"; };
		2C0A051D1FE9694A001AC1A9 /* LoginVC.swift */ = {isa = PBXFileReference; lastKnownFileType = sourcecode.swift; path = LoginVC.swift; sourceTree = "<group>"; };
		2C0A05211FE98436001AC1A9 /* CustomTextField.swift */ = {isa = PBXFileReference; fileEncoding = 4; lastKnownFileType = sourcecode.swift; path = CustomTextField.swift; sourceTree = "<group>"; };
		2C0A05221FE98436001AC1A9 /* UITextView+Placeholder.h */ = {isa = PBXFileReference; fileEncoding = 4; lastKnownFileType = sourcecode.c.h; path = "UITextView+Placeholder.h"; sourceTree = "<group>"; };
		2C0A05231FE98436001AC1A9 /* UITextView+Placeholder.m */ = {isa = PBXFileReference; fileEncoding = 4; lastKnownFileType = sourcecode.c.objc; path = "UITextView+Placeholder.m"; sourceTree = "<group>"; };
		2C0A05261FE98C3F001AC1A9 /* RegisterVC.swift */ = {isa = PBXFileReference; lastKnownFileType = sourcecode.swift; path = RegisterVC.swift; sourceTree = "<group>"; };
		2C0A05281FE98DB3001AC1A9 /* VerifyOTP.swift */ = {isa = PBXFileReference; lastKnownFileType = sourcecode.swift; path = VerifyOTP.swift; sourceTree = "<group>"; };
		2C1075DA1FF81F9C008C4CDE /* CameraVC.swift */ = {isa = PBXFileReference; lastKnownFileType = sourcecode.swift; path = CameraVC.swift; sourceTree = "<group>"; };
		2C1075DC1FF822CF008C4CDE /* UserProfileVC.swift */ = {isa = PBXFileReference; lastKnownFileType = sourcecode.swift; path = UserProfileVC.swift; sourceTree = "<group>"; };
		2C1075DE1FF83059008C4CDE /* TransactionsVC.swift */ = {isa = PBXFileReference; lastKnownFileType = sourcecode.swift; path = TransactionsVC.swift; sourceTree = "<group>"; };
		2C241B881FFC0EE6004A3B00 /* LoyaltyVC.swift */ = {isa = PBXFileReference; lastKnownFileType = sourcecode.swift; path = LoyaltyVC.swift; sourceTree = "<group>"; };
		2C241B8A1FFC13A9004A3B00 /* SubPromotionListVC.swift */ = {isa = PBXFileReference; lastKnownFileType = sourcecode.swift; path = SubPromotionListVC.swift; sourceTree = "<group>"; };
		2C241B8C1FFC17DA004A3B00 /* ScanVC.swift */ = {isa = PBXFileReference; lastKnownFileType = sourcecode.swift; path = ScanVC.swift; sourceTree = "<group>"; };
		2C2CC0421FFAB42B00E4C88B /* PasswordVC.swift */ = {isa = PBXFileReference; lastKnownFileType = sourcecode.swift; path = PasswordVC.swift; sourceTree = "<group>"; };
		2C2CC0441FFABB0800E4C88B /* UserDetailVC.swift */ = {isa = PBXFileReference; lastKnownFileType = sourcecode.swift; path = UserDetailVC.swift; sourceTree = "<group>"; };
		2C2CC0461FFAC89300E4C88B /* ShopDetailVC.swift */ = {isa = PBXFileReference; lastKnownFileType = sourcecode.swift; path = ShopDetailVC.swift; sourceTree = "<group>"; };
		2C2CC0481FFAC8EC00E4C88B /* PromotionsVC.swift */ = {isa = PBXFileReference; lastKnownFileType = sourcecode.swift; path = PromotionsVC.swift; sourceTree = "<group>"; };
		2C2CC04A1FFACB8A00E4C88B /* LoyaltyDetailVC.swift */ = {isa = PBXFileReference; lastKnownFileType = sourcecode.swift; path = LoyaltyDetailVC.swift; sourceTree = "<group>"; };
		2C4783B4203CB485000A1A68 /* LeckerliOne-Regular.ttf */ = {isa = PBXFileReference; lastKnownFileType = file; path = "LeckerliOne-Regular.ttf"; sourceTree = "<group>"; };
		2C4783B6203CB5D8000A1A68 /* LeckerliOne-Regular.otf */ = {isa = PBXFileReference; lastKnownFileType = file; path = "LeckerliOne-Regular.otf"; sourceTree = "<group>"; };
		401487AF3A793156133F29F5 /* Pods-EthiaTests.debug.xcconfig */ = {isa = PBXFileReference; includeInIndex = 1; lastKnownFileType = text.xcconfig; name = "Pods-EthiaTests.debug.xcconfig"; path = "Pods/Target Support Files/Pods-EthiaTests/Pods-EthiaTests.debug.xcconfig"; sourceTree = "<group>"; };
		5BAA74524ABE6DAF7706385A /* Pods_EthiaUITests.framework */ = {isa = PBXFileReference; explicitFileType = wrapper.framework; includeInIndex = 0; path = Pods_EthiaUITests.framework; sourceTree = BUILT_PRODUCTS_DIR; };
		72A3EB5F4AF23BE852B439DD /* Pods_EthiaTests.framework */ = {isa = PBXFileReference; explicitFileType = wrapper.framework; includeInIndex = 0; path = Pods_EthiaTests.framework; sourceTree = BUILT_PRODUCTS_DIR; };
		8E3B4560102C03F7E67EB5E0 /* Pods_Ethia.framework */ = {isa = PBXFileReference; explicitFileType = wrapper.framework; includeInIndex = 0; path = Pods_Ethia.framework; sourceTree = BUILT_PRODUCTS_DIR; };
		9C0A2D99CCACC9B01D448784 /* Pods-EthiaTests.release.xcconfig */ = {isa = PBXFileReference; includeInIndex = 1; lastKnownFileType = text.xcconfig; name = "Pods-EthiaTests.release.xcconfig"; path = "Pods/Target Support Files/Pods-EthiaTests/Pods-EthiaTests.release.xcconfig"; sourceTree = "<group>"; };
		B0136FCE3B95C9CA01E54E55 /* Pods-Ethia.release.xcconfig */ = {isa = PBXFileReference; includeInIndex = 1; lastKnownFileType = text.xcconfig; name = "Pods-Ethia.release.xcconfig"; path = "Pods/Target Support Files/Pods-Ethia/Pods-Ethia.release.xcconfig"; sourceTree = "<group>"; };
		F45D59640F3D3497A79FDE92 /* Pods-EthiaUITests.release.xcconfig */ = {isa = PBXFileReference; includeInIndex = 1; lastKnownFileType = text.xcconfig; name = "Pods-EthiaUITests.release.xcconfig"; path = "Pods/Target Support Files/Pods-EthiaUITests/Pods-EthiaUITests.release.xcconfig"; sourceTree = "<group>"; };
/* End PBXFileReference section */

/* Begin PBXFrameworksBuildPhase section */
		2C0A04E51FE96714001AC1A9 /* Frameworks */ = {
			isa = PBXFrameworksBuildPhase;
			buildActionMask = 2147483647;
			files = (
				43FC608BC5D7C6073A08268B /* Pods_Ethia.framework in Frameworks */,
			);
			runOnlyForDeploymentPostprocessing = 0;
		};
		2C0A04FC1FE96715001AC1A9 /* Frameworks */ = {
			isa = PBXFrameworksBuildPhase;
			buildActionMask = 2147483647;
			files = (
				B9286855125119C68B57844D /* Pods_EthiaTests.framework in Frameworks */,
			);
			runOnlyForDeploymentPostprocessing = 0;
		};
		2C0A05071FE96715001AC1A9 /* Frameworks */ = {
			isa = PBXFrameworksBuildPhase;
			buildActionMask = 2147483647;
			files = (
				C2D947A49DDFE05A77619925 /* Pods_EthiaUITests.framework in Frameworks */,
			);
			runOnlyForDeploymentPostprocessing = 0;
		};
/* End PBXFrameworksBuildPhase section */

/* Begin PBXGroup section */
		2C0A04DF1FE96714001AC1A9 = {
			isa = PBXGroup;
			children = (
				2C0A04EA1FE96714001AC1A9 /* Ethia */,
				2C0A05021FE96715001AC1A9 /* EthiaTests */,
				2C0A050D1FE96715001AC1A9 /* EthiaUITests */,
				2C0A04E91FE96714001AC1A9 /* Products */,
				9166E71A4210803CDBC7AED8 /* Pods */,
				A0DA265A1917636F716B0954 /* Frameworks */,
			);
			sourceTree = "<group>";
		};
		2C0A04E91FE96714001AC1A9 /* Products */ = {
			isa = PBXGroup;
			children = (
				2C0A04E81FE96714001AC1A9 /* Ethia.app */,
				2C0A04FF1FE96715001AC1A9 /* EthiaTests.xctest */,
				2C0A050A1FE96715001AC1A9 /* EthiaUITests.xctest */,
			);
			name = Products;
			sourceTree = "<group>";
		};
		2C0A04EA1FE96714001AC1A9 /* Ethia */ = {
			isa = PBXGroup;
			children = (
				2C0A051C1FE96797001AC1A9 /* ViewController */,
				2C0A051F1FE9842A001AC1A9 /* HelperClasses */,
				2C0A04EB1FE96714001AC1A9 /* AppDelegate.swift */,
				2C4783B6203CB5D8000A1A68 /* LeckerliOne-Regular.otf */,
				2C4783B4203CB485000A1A68 /* LeckerliOne-Regular.ttf */,
				2C0A04EF1FE96714001AC1A9 /* Main.storyboard */,
				2C0A04F51FE96714001AC1A9 /* Assets.xcassets */,
				2C0A04F71FE96714001AC1A9 /* LaunchScreen.storyboard */,
				2C0A04FA1FE96714001AC1A9 /* Info.plist */,
				2C0A04F21FE96714001AC1A9 /* Ethia.xcdatamodeld */,
			);
			path = Ethia;
			sourceTree = "<group>";
		};
		2C0A05021FE96715001AC1A9 /* EthiaTests */ = {
			isa = PBXGroup;
			children = (
				2C0A05031FE96715001AC1A9 /* EthiaTests.swift */,
				2C0A05051FE96715001AC1A9 /* Info.plist */,
			);
			path = EthiaTests;
			sourceTree = "<group>";
		};
		2C0A050D1FE96715001AC1A9 /* EthiaUITests */ = {
			isa = PBXGroup;
			children = (
				2C0A050E1FE96715001AC1A9 /* EthiaUITests.swift */,
				2C0A05101FE96715001AC1A9 /* Info.plist */,
			);
			path = EthiaUITests;
			sourceTree = "<group>";
		};
		2C0A051C1FE96797001AC1A9 /* ViewController */ = {
			isa = PBXGroup;
			children = (
				2C0A051D1FE9694A001AC1A9 /* LoginVC.swift */,
				2C0A05261FE98C3F001AC1A9 /* RegisterVC.swift */,
				2C0A05281FE98DB3001AC1A9 /* VerifyOTP.swift */,
				2C2CC0421FFAB42B00E4C88B /* PasswordVC.swift */,
				2C2CC0441FFABB0800E4C88B /* UserDetailVC.swift */,
				2C1075DA1FF81F9C008C4CDE /* CameraVC.swift */,
				2C1075DC1FF822CF008C4CDE /* UserProfileVC.swift */,
				2C1075DE1FF83059008C4CDE /* TransactionsVC.swift */,
				2C2CC0461FFAC89300E4C88B /* ShopDetailVC.swift */,
				2C2CC0481FFAC8EC00E4C88B /* PromotionsVC.swift */,
				2C241B8A1FFC13A9004A3B00 /* SubPromotionListVC.swift */,
				2C241B8C1FFC17DA004A3B00 /* ScanVC.swift */,
				2C241B881FFC0EE6004A3B00 /* LoyaltyVC.swift */,
				2C2CC04A1FFACB8A00E4C88B /* LoyaltyDetailVC.swift */,
			);
			path = ViewController;
			sourceTree = "<group>";
		};
		2C0A051F1FE9842A001AC1A9 /* HelperClasses */ = {
			isa = PBXGroup;
			children = (
				2C0A05201FE98436001AC1A9 /* CustomTextfield */,
			);
			path = HelperClasses;
			sourceTree = "<group>";
		};
		2C0A05201FE98436001AC1A9 /* CustomTextfield */ = {
			isa = PBXGroup;
			children = (
				2C0A05211FE98436001AC1A9 /* CustomTextField.swift */,
				2C0A05221FE98436001AC1A9 /* UITextView+Placeholder.h */,
				2C0A05231FE98436001AC1A9 /* UITextView+Placeholder.m */,
			);
			path = CustomTextfield;
			sourceTree = "<group>";
		};
		9166E71A4210803CDBC7AED8 /* Pods */ = {
			isa = PBXGroup;
			children = (
				00EF51BB0AF088F52CC718F6 /* Pods-Ethia.debug.xcconfig */,
				B0136FCE3B95C9CA01E54E55 /* Pods-Ethia.release.xcconfig */,
				401487AF3A793156133F29F5 /* Pods-EthiaTests.debug.xcconfig */,
				9C0A2D99CCACC9B01D448784 /* Pods-EthiaTests.release.xcconfig */,
				15DF2C3BB33C854FCB38C463 /* Pods-EthiaUITests.debug.xcconfig */,
				F45D59640F3D3497A79FDE92 /* Pods-EthiaUITests.release.xcconfig */,
			);
			name = Pods;
			sourceTree = "<group>";
		};
		A0DA265A1917636F716B0954 /* Frameworks */ = {
			isa = PBXGroup;
			children = (
				8E3B4560102C03F7E67EB5E0 /* Pods_Ethia.framework */,
				72A3EB5F4AF23BE852B439DD /* Pods_EthiaTests.framework */,
				5BAA74524ABE6DAF7706385A /* Pods_EthiaUITests.framework */,
			);
			name = Frameworks;
			sourceTree = "<group>";
		};
/* End PBXGroup section */

/* Begin PBXNativeTarget section */
		2C0A04E71FE96714001AC1A9 /* Ethia */ = {
			isa = PBXNativeTarget;
			buildConfigurationList = 2C0A05131FE96715001AC1A9 /* Build configuration list for PBXNativeTarget "Ethia" */;
			buildPhases = (
				09FC77CCDC622F6222599EF0 /* [CP] Check Pods Manifest.lock */,
				2C0A04E41FE96714001AC1A9 /* Sources */,
				2C0A04E51FE96714001AC1A9 /* Frameworks */,
				2C0A04E61FE96714001AC1A9 /* Resources */,
				51F01C2F5437F70A9230A025 /* [CP] Embed Pods Frameworks */,
				50A063C769EDAD2C226A72E5 /* [CP] Copy Pods Resources */,
			);
			buildRules = (
			);
			dependencies = (
			);
			name = Ethia;
			productName = Ethia;
			productReference = 2C0A04E81FE96714001AC1A9 /* Ethia.app */;
			productType = "com.apple.product-type.application";
		};
		2C0A04FE1FE96715001AC1A9 /* EthiaTests */ = {
			isa = PBXNativeTarget;
			buildConfigurationList = 2C0A05161FE96715001AC1A9 /* Build configuration list for PBXNativeTarget "EthiaTests" */;
			buildPhases = (
				B494AD8B37D57EF7ADE20BC3 /* [CP] Check Pods Manifest.lock */,
				2C0A04FB1FE96715001AC1A9 /* Sources */,
				2C0A04FC1FE96715001AC1A9 /* Frameworks */,
				2C0A04FD1FE96715001AC1A9 /* Resources */,
				5108B18D1797141F6DCE23E7 /* [CP] Embed Pods Frameworks */,
				4964C47D96B7C11A4C46BB17 /* [CP] Copy Pods Resources */,
			);
			buildRules = (
			);
			dependencies = (
				2C0A05011FE96715001AC1A9 /* PBXTargetDependency */,
			);
			name = EthiaTests;
			productName = EthiaTests;
			productReference = 2C0A04FF1FE96715001AC1A9 /* EthiaTests.xctest */;
			productType = "com.apple.product-type.bundle.unit-test";
		};
		2C0A05091FE96715001AC1A9 /* EthiaUITests */ = {
			isa = PBXNativeTarget;
			buildConfigurationList = 2C0A05191FE96715001AC1A9 /* Build configuration list for PBXNativeTarget "EthiaUITests" */;
			buildPhases = (
				DBB0EA58E941648A7BC63974 /* [CP] Check Pods Manifest.lock */,
				2C0A05061FE96715001AC1A9 /* Sources */,
				2C0A05071FE96715001AC1A9 /* Frameworks */,
				2C0A05081FE96715001AC1A9 /* Resources */,
				ABCE7C1D17E5F375C80E3BA6 /* [CP] Embed Pods Frameworks */,
				948E02B38FD98D33C2671412 /* [CP] Copy Pods Resources */,
			);
			buildRules = (
			);
			dependencies = (
				2C0A050C1FE96715001AC1A9 /* PBXTargetDependency */,
			);
			name = EthiaUITests;
			productName = EthiaUITests;
			productReference = 2C0A050A1FE96715001AC1A9 /* EthiaUITests.xctest */;
			productType = "com.apple.product-type.bundle.ui-testing";
		};
/* End PBXNativeTarget section */

/* Begin PBXProject section */
		2C0A04E01FE96714001AC1A9 /* Project object */ = {
			isa = PBXProject;
			attributes = {
				LastSwiftUpdateCheck = 0910;
				LastUpgradeCheck = 0910;
				ORGANIZATIONNAME = Sandeep;
				TargetAttributes = {
					2C0A04E71FE96714001AC1A9 = {
						CreatedOnToolsVersion = 9.1;
						ProvisioningStyle = Automatic;
					};
					2C0A04FE1FE96715001AC1A9 = {
						CreatedOnToolsVersion = 9.1;
						ProvisioningStyle = Automatic;
						TestTargetID = 2C0A04E71FE96714001AC1A9;
					};
					2C0A05091FE96715001AC1A9 = {
						CreatedOnToolsVersion = 9.1;
						ProvisioningStyle = Automatic;
						TestTargetID = 2C0A04E71FE96714001AC1A9;
					};
				};
			};
			buildConfigurationList = 2C0A04E31FE96714001AC1A9 /* Build configuration list for PBXProject "Ethia" */;
			compatibilityVersion = "Xcode 8.0";
			developmentRegion = en;
			hasScannedForEncodings = 0;
			knownRegions = (
				en,
				Base,
			);
			mainGroup = 2C0A04DF1FE96714001AC1A9;
			productRefGroup = 2C0A04E91FE96714001AC1A9 /* Products */;
			projectDirPath = "";
			projectRoot = "";
			targets = (
				2C0A04E71FE96714001AC1A9 /* Ethia */,
				2C0A04FE1FE96715001AC1A9 /* EthiaTests */,
				2C0A05091FE96715001AC1A9 /* EthiaUITests */,
			);
		};
/* End PBXProject section */

/* Begin PBXResourcesBuildPhase section */
		2C0A04E61FE96714001AC1A9 /* Resources */ = {
			isa = PBXResourcesBuildPhase;
			buildActionMask = 2147483647;
			files = (
				2C0A04F91FE96714001AC1A9 /* LaunchScreen.storyboard in Resources */,
				2C4783B7203CB5DD000A1A68 /* LeckerliOne-Regular.otf in Resources */,
				2C0A04F61FE96714001AC1A9 /* Assets.xcassets in Resources */,
				2C0A04F11FE96714001AC1A9 /* Main.storyboard in Resources */,
				2C4783B5203CB5B1000A1A68 /* LeckerliOne-Regular.ttf in Resources */,
			);
			runOnlyForDeploymentPostprocessing = 0;
		};
		2C0A04FD1FE96715001AC1A9 /* Resources */ = {
			isa = PBXResourcesBuildPhase;
			buildActionMask = 2147483647;
			files = (
			);
			runOnlyForDeploymentPostprocessing = 0;
		};
		2C0A05081FE96715001AC1A9 /* Resources */ = {
			isa = PBXResourcesBuildPhase;
			buildActionMask = 2147483647;
			files = (
			);
			runOnlyForDeploymentPostprocessing = 0;
		};
/* End PBXResourcesBuildPhase section */

/* Begin PBXShellScriptBuildPhase section */
		09FC77CCDC622F6222599EF0 /* [CP] Check Pods Manifest.lock */ = {
			isa = PBXShellScriptBuildPhase;
			buildActionMask = 2147483647;
			files = (
			);
			inputPaths = (
				"${PODS_PODFILE_DIR_PATH}/Podfile.lock",
				"${PODS_ROOT}/Manifest.lock",
			);
			name = "[CP] Check Pods Manifest.lock";
			outputPaths = (
				"$(DERIVED_FILE_DIR)/Pods-Ethia-checkManifestLockResult.txt",
			);
			runOnlyForDeploymentPostprocessing = 0;
			shellPath = /bin/sh;
			shellScript = "diff \"${PODS_PODFILE_DIR_PATH}/Podfile.lock\" \"${PODS_ROOT}/Manifest.lock\" > /dev/null\nif [ $? != 0 ] ; then\n    # print error to STDERR\n    echo \"error: The sandbox is not in sync with the Podfile.lock. Run 'pod install' or update your CocoaPods installation.\" >&2\n    exit 1\nfi\n# This output is used by Xcode 'outputs' to avoid re-running this script phase.\necho \"SUCCESS\" > \"${SCRIPT_OUTPUT_FILE_0}\"\n";
			showEnvVarsInLog = 0;
		};
		4964C47D96B7C11A4C46BB17 /* [CP] Copy Pods Resources */ = {
			isa = PBXShellScriptBuildPhase;
			buildActionMask = 2147483647;
			files = (
			);
			inputPaths = (
			);
			name = "[CP] Copy Pods Resources";
			outputPaths = (
			);
			runOnlyForDeploymentPostprocessing = 0;
			shellPath = /bin/sh;
			shellScript = "\"${SRCROOT}/Pods/Target Support Files/Pods-EthiaTests/Pods-EthiaTests-resources.sh\"\n";
			showEnvVarsInLog = 0;
		};
		50A063C769EDAD2C226A72E5 /* [CP] Copy Pods Resources */ = {
			isa = PBXShellScriptBuildPhase;
			buildActionMask = 2147483647;
			files = (
			);
			inputPaths = (
			);
			name = "[CP] Copy Pods Resources";
			outputPaths = (
			);
			runOnlyForDeploymentPostprocessing = 0;
			shellPath = /bin/sh;
			shellScript = "\"${SRCROOT}/Pods/Target Support Files/Pods-Ethia/Pods-Ethia-resources.sh\"\n";
			showEnvVarsInLog = 0;
		};
		5108B18D1797141F6DCE23E7 /* [CP] Embed Pods Frameworks */ = {
			isa = PBXShellScriptBuildPhase;
			buildActionMask = 2147483647;
			files = (
			);
			inputPaths = (
			);
			name = "[CP] Embed Pods Frameworks";
			outputPaths = (
			);
			runOnlyForDeploymentPostprocessing = 0;
			shellPath = /bin/sh;
			shellScript = "\"${SRCROOT}/Pods/Target Support Files/Pods-EthiaTests/Pods-EthiaTests-frameworks.sh\"\n";
			showEnvVarsInLog = 0;
		};
		51F01C2F5437F70A9230A025 /* [CP] Embed Pods Frameworks */ = {
			isa = PBXShellScriptBuildPhase;
			buildActionMask = 2147483647;
			files = (
			);
			inputPaths = (
				"${SRCROOT}/Pods/Target Support Files/Pods-Ethia/Pods-Ethia-frameworks.sh",
				"${BUILT_PRODUCTS_DIR}/IQKeyboardManager/IQKeyboardManager.framework",
				"${BUILT_PRODUCTS_DIR}/MRCountryPicker/MRCountryPicker.framework",
			);
			name = "[CP] Embed Pods Frameworks";
			outputPaths = (
				"${TARGET_BUILD_DIR}/${FRAMEWORKS_FOLDER_PATH}/IQKeyboardManager.framework",
				"${TARGET_BUILD_DIR}/${FRAMEWORKS_FOLDER_PATH}/MRCountryPicker.framework",
			);
			runOnlyForDeploymentPostprocessing = 0;
			shellPath = /bin/sh;
			shellScript = "\"${SRCROOT}/Pods/Target Support Files/Pods-Ethia/Pods-Ethia-frameworks.sh\"\n";
			showEnvVarsInLog = 0;
		};
		948E02B38FD98D33C2671412 /* [CP] Copy Pods Resources */ = {
			isa = PBXShellScriptBuildPhase;
			buildActionMask = 2147483647;
			files = (
			);
			inputPaths = (
			);
			name = "[CP] Copy Pods Resources";
			outputPaths = (
			);
			runOnlyForDeploymentPostprocessing = 0;
			shellPath = /bin/sh;
			shellScript = "\"${SRCROOT}/Pods/Target Support Files/Pods-EthiaUITests/Pods-EthiaUITests-resources.sh\"\n";
			showEnvVarsInLog = 0;
		};
		ABCE7C1D17E5F375C80E3BA6 /* [CP] Embed Pods Frameworks */ = {
			isa = PBXShellScriptBuildPhase;
			buildActionMask = 2147483647;
			files = (
			);
			inputPaths = (
			);
			name = "[CP] Embed Pods Frameworks";
			outputPaths = (
			);
			runOnlyForDeploymentPostprocessing = 0;
			shellPath = /bin/sh;
			shellScript = "\"${SRCROOT}/Pods/Target Support Files/Pods-EthiaUITests/Pods-EthiaUITests-frameworks.sh\"\n";
			showEnvVarsInLog = 0;
		};
		B494AD8B37D57EF7ADE20BC3 /* [CP] Check Pods Manifest.lock */ = {
			isa = PBXShellScriptBuildPhase;
			buildActionMask = 2147483647;
			files = (
			);
			inputPaths = (
				"${PODS_PODFILE_DIR_PATH}/Podfile.lock",
				"${PODS_ROOT}/Manifest.lock",
			);
			name = "[CP] Check Pods Manifest.lock";
			outputPaths = (
				"$(DERIVED_FILE_DIR)/Pods-EthiaTests-checkManifestLockResult.txt",
			);
			runOnlyForDeploymentPostprocessing = 0;
			shellPath = /bin/sh;
			shellScript = "diff \"${PODS_PODFILE_DIR_PATH}/Podfile.lock\" \"${PODS_ROOT}/Manifest.lock\" > /dev/null\nif [ $? != 0 ] ; then\n    # print error to STDERR\n    echo \"error: The sandbox is not in sync with the Podfile.lock. Run 'pod install' or update your CocoaPods installation.\" >&2\n    exit 1\nfi\n# This output is used by Xcode 'outputs' to avoid re-running this script phase.\necho \"SUCCESS\" > \"${SCRIPT_OUTPUT_FILE_0}\"\n";
			showEnvVarsInLog = 0;
		};
		DBB0EA58E941648A7BC63974 /* [CP] Check Pods Manifest.lock */ = {
			isa = PBXShellScriptBuildPhase;
			buildActionMask = 2147483647;
			files = (
			);
			inputPaths = (
				"${PODS_PODFILE_DIR_PATH}/Podfile.lock",
				"${PODS_ROOT}/Manifest.lock",
			);
			name = "[CP] Check Pods Manifest.lock";
			outputPaths = (
				"$(DERIVED_FILE_DIR)/Pods-EthiaUITests-checkManifestLockResult.txt",
			);
			runOnlyForDeploymentPostprocessing = 0;
			shellPath = /bin/sh;
			shellScript = "diff \"${PODS_PODFILE_DIR_PATH}/Podfile.lock\" \"${PODS_ROOT}/Manifest.lock\" > /dev/null\nif [ $? != 0 ] ; then\n    # print error to STDERR\n    echo \"error: The sandbox is not in sync with the Podfile.lock. Run 'pod install' or update your CocoaPods installation.\" >&2\n    exit 1\nfi\n# This output is used by Xcode 'outputs' to avoid re-running this script phase.\necho \"SUCCESS\" > \"${SCRIPT_OUTPUT_FILE_0}\"\n";
			showEnvVarsInLog = 0;
		};
/* End PBXShellScriptBuildPhase section */

/* Begin PBXSourcesBuildPhase section */
		2C0A04E41FE96714001AC1A9 /* Sources */ = {
			isa = PBXSourcesBuildPhase;
			buildActionMask = 2147483647;
			files = (
				2C241B8B1FFC13A9004A3B00 /* SubPromotionListVC.swift in Sources */,
				2C0A05241FE98436001AC1A9 /* CustomTextField.swift in Sources */,
				2C241B891FFC0EE6004A3B00 /* LoyaltyVC.swift in Sources */,
				2C0A04F41FE96714001AC1A9 /* Ethia.xcdatamodeld in Sources */,
				2C2CC0491FFAC8EC00E4C88B /* PromotionsVC.swift in Sources */,
				2C0A05291FE98DB3001AC1A9 /* VerifyOTP.swift in Sources */,
				2C2CC0431FFAB42B00E4C88B /* PasswordVC.swift in Sources */,
				2C2CC0451FFABB0800E4C88B /* UserDetailVC.swift in Sources */,
				2C1075DB1FF81F9C008C4CDE /* CameraVC.swift in Sources */,
				2C2CC04B1FFACB8A00E4C88B /* LoyaltyDetailVC.swift in Sources */,
				2C0A04EC1FE96714001AC1A9 /* AppDelegate.swift in Sources */,
				2C241B8D1FFC17DA004A3B00 /* ScanVC.swift in Sources */,
				2C1075DD1FF822CF008C4CDE /* UserProfileVC.swift in Sources */,
				2C2CC0471FFAC89300E4C88B /* ShopDetailVC.swift in Sources */,
				2C0A05271FE98C3F001AC1A9 /* RegisterVC.swift in Sources */,
				2C0A05251FE98436001AC1A9 /* UITextView+Placeholder.m in Sources */,
				2C0A051E1FE9694A001AC1A9 /* LoginVC.swift in Sources */,
				2C1075DF1FF83059008C4CDE /* TransactionsVC.swift in Sources */,
			);
			runOnlyForDeploymentPostprocessing = 0;
		};
		2C0A04FB1FE96715001AC1A9 /* Sources */ = {
			isa = PBXSourcesBuildPhase;
			buildActionMask = 2147483647;
			files = (
				2C0A05041FE96715001AC1A9 /* EthiaTests.swift in Sources */,
			);
			runOnlyForDeploymentPostprocessing = 0;
		};
		2C0A05061FE96715001AC1A9 /* Sources */ = {
			isa = PBXSourcesBuildPhase;
			buildActionMask = 2147483647;
			files = (
				2C0A050F1FE96715001AC1A9 /* EthiaUITests.swift in Sources */,
			);
			runOnlyForDeploymentPostprocessing = 0;
		};
/* End PBXSourcesBuildPhase section */

/* Begin PBXTargetDependency section */
		2C0A05011FE96715001AC1A9 /* PBXTargetDependency */ = {
			isa = PBXTargetDependency;
			target = 2C0A04E71FE96714001AC1A9 /* Ethia */;
			targetProxy = 2C0A05001FE96715001AC1A9 /* PBXContainerItemProxy */;
		};
		2C0A050C1FE96715001AC1A9 /* PBXTargetDependency */ = {
			isa = PBXTargetDependency;
			target = 2C0A04E71FE96714001AC1A9 /* Ethia */;
			targetProxy = 2C0A050B1FE96715001AC1A9 /* PBXContainerItemProxy */;
		};
/* End PBXTargetDependency section */

/* Begin PBXVariantGroup section */
		2C0A04EF1FE96714001AC1A9 /* Main.storyboard */ = {
			isa = PBXVariantGroup;
			children = (
				2C0A04F01FE96714001AC1A9 /* Base */,
			);
			name = Main.storyboard;
			sourceTree = "<group>";
		};
		2C0A04F71FE96714001AC1A9 /* LaunchScreen.storyboard */ = {
			isa = PBXVariantGroup;
			children = (
				2C0A04F81FE96714001AC1A9 /* Base */,
			);
			name = LaunchScreen.storyboard;
			sourceTree = "<group>";
		};
/* End PBXVariantGroup section */

/* Begin XCBuildConfiguration section */
		2C0A05111FE96715001AC1A9 /* Debug */ = {
			isa = XCBuildConfiguration;
			buildSettings = {
				ALWAYS_SEARCH_USER_PATHS = NO;
				CLANG_ANALYZER_NONNULL = YES;
				CLANG_ANALYZER_NUMBER_OBJECT_CONVERSION = YES_AGGRESSIVE;
				CLANG_CXX_LANGUAGE_STANDARD = "gnu++14";
				CLANG_CXX_LIBRARY = "libc++";
				CLANG_ENABLE_MODULES = YES;
				CLANG_ENABLE_OBJC_ARC = YES;
				CLANG_WARN_BLOCK_CAPTURE_AUTORELEASING = YES;
				CLANG_WARN_BOOL_CONVERSION = YES;
				CLANG_WARN_COMMA = YES;
				CLANG_WARN_CONSTANT_CONVERSION = YES;
				CLANG_WARN_DIRECT_OBJC_ISA_USAGE = YES_ERROR;
				CLANG_WARN_DOCUMENTATION_COMMENTS = YES;
				CLANG_WARN_EMPTY_BODY = YES;
				CLANG_WARN_ENUM_CONVERSION = YES;
				CLANG_WARN_INFINITE_RECURSION = YES;
				CLANG_WARN_INT_CONVERSION = YES;
				CLANG_WARN_NON_LITERAL_NULL_CONVERSION = YES;
				CLANG_WARN_OBJC_LITERAL_CONVERSION = YES;
				CLANG_WARN_OBJC_ROOT_CLASS = YES_ERROR;
				CLANG_WARN_RANGE_LOOP_ANALYSIS = YES;
				CLANG_WARN_STRICT_PROTOTYPES = YES;
				CLANG_WARN_SUSPICIOUS_MOVE = YES;
				CLANG_WARN_UNGUARDED_AVAILABILITY = YES_AGGRESSIVE;
				CLANG_WARN_UNREACHABLE_CODE = YES;
				CLANG_WARN__DUPLICATE_METHOD_MATCH = YES;
				CODE_SIGN_IDENTITY = "iPhone Developer";
				COPY_PHASE_STRIP = NO;
				DEBUG_INFORMATION_FORMAT = dwarf;
				ENABLE_STRICT_OBJC_MSGSEND = YES;
				ENABLE_TESTABILITY = YES;
				GCC_C_LANGUAGE_STANDARD = gnu11;
				GCC_DYNAMIC_NO_PIC = NO;
				GCC_NO_COMMON_BLOCKS = YES;
				GCC_OPTIMIZATION_LEVEL = 0;
				GCC_PREPROCESSOR_DEFINITIONS = (
					"DEBUG=1",
					"$(inherited)",
				);
				GCC_WARN_64_TO_32_BIT_CONVERSION = YES;
				GCC_WARN_ABOUT_RETURN_TYPE = YES_ERROR;
				GCC_WARN_UNDECLARED_SELECTOR = YES;
				GCC_WARN_UNINITIALIZED_AUTOS = YES_AGGRESSIVE;
				GCC_WARN_UNUSED_FUNCTION = YES;
				GCC_WARN_UNUSED_VARIABLE = YES;
				IPHONEOS_DEPLOYMENT_TARGET = 11.1;
				MTL_ENABLE_DEBUG_INFO = YES;
				ONLY_ACTIVE_ARCH = YES;
				SDKROOT = iphoneos;
				SWIFT_ACTIVE_COMPILATION_CONDITIONS = DEBUG;
				SWIFT_OPTIMIZATION_LEVEL = "-Onone";
			};
			name = Debug;
		};
		2C0A05121FE96715001AC1A9 /* Release */ = {
			isa = XCBuildConfiguration;
			buildSettings = {
				ALWAYS_SEARCH_USER_PATHS = NO;
				CLANG_ANALYZER_NONNULL = YES;
				CLANG_ANALYZER_NUMBER_OBJECT_CONVERSION = YES_AGGRESSIVE;
				CLANG_CXX_LANGUAGE_STANDARD = "gnu++14";
				CLANG_CXX_LIBRARY = "libc++";
				CLANG_ENABLE_MODULES = YES;
				CLANG_ENABLE_OBJC_ARC = YES;
				CLANG_WARN_BLOCK_CAPTURE_AUTORELEASING = YES;
				CLANG_WARN_BOOL_CONVERSION = YES;
				CLANG_WARN_COMMA = YES;
				CLANG_WARN_CONSTANT_CONVERSION = YES;
				CLANG_WARN_DIRECT_OBJC_ISA_USAGE = YES_ERROR;
				CLANG_WARN_DOCUMENTATION_COMMENTS = YES;
				CLANG_WARN_EMPTY_BODY = YES;
				CLANG_WARN_ENUM_CONVERSION = YES;
				CLANG_WARN_INFINITE_RECURSION = YES;
				CLANG_WARN_INT_CONVERSION = YES;
				CLANG_WARN_NON_LITERAL_NULL_CONVERSION = YES;
				CLANG_WARN_OBJC_LITERAL_CONVERSION = YES;
				CLANG_WARN_OBJC_ROOT_CLASS = YES_ERROR;
				CLANG_WARN_RANGE_LOOP_ANALYSIS = YES;
				CLANG_WARN_STRICT_PROTOTYPES = YES;
				CLANG_WARN_SUSPICIOUS_MOVE = YES;
				CLANG_WARN_UNGUARDED_AVAILABILITY = YES_AGGRESSIVE;
				CLANG_WARN_UNREACHABLE_CODE = YES;
				CLANG_WARN__DUPLICATE_METHOD_MATCH = YES;
				CODE_SIGN_IDENTITY = "iPhone Developer";
				COPY_PHASE_STRIP = NO;
				DEBUG_INFORMATION_FORMAT = "dwarf-with-dsym";
				ENABLE_NS_ASSERTIONS = NO;
				ENABLE_STRICT_OBJC_MSGSEND = YES;
				GCC_C_LANGUAGE_STANDARD = gnu11;
				GCC_NO_COMMON_BLOCKS = YES;
				GCC_WARN_64_TO_32_BIT_CONVERSION = YES;
				GCC_WARN_ABOUT_RETURN_TYPE = YES_ERROR;
				GCC_WARN_UNDECLARED_SELECTOR = YES;
				GCC_WARN_UNINITIALIZED_AUTOS = YES_AGGRESSIVE;
				GCC_WARN_UNUSED_FUNCTION = YES;
				GCC_WARN_UNUSED_VARIABLE = YES;
				IPHONEOS_DEPLOYMENT_TARGET = 11.1;
				MTL_ENABLE_DEBUG_INFO = NO;
				SDKROOT = iphoneos;
				SWIFT_OPTIMIZATION_LEVEL = "-Owholemodule";
				VALIDATE_PRODUCT = YES;
			};
			name = Release;
		};
		2C0A05141FE96715001AC1A9 /* Debug */ = {
			isa = XCBuildConfiguration;
			baseConfigurationReference = 00EF51BB0AF088F52CC718F6 /* Pods-Ethia.debug.xcconfig */;
			buildSettings = {
				ASSETCATALOG_COMPILER_APPICON_NAME = AppIcon;
				CODE_SIGN_IDENTITY = "iPhone Developer: Richard Croome (YSKF9ZXE22)";
				"CODE_SIGN_IDENTITY[sdk=iphoneos*]" = "iPhone Developer";
				CODE_SIGN_STYLE = Automatic;
				DEVELOPMENT_TEAM = ZKGLJG593Z;
				INFOPLIST_FILE = Ethia/Info.plist;
				IPHONEOS_DEPLOYMENT_TARGET = 10.0;
				LD_RUNPATH_SEARCH_PATHS = "$(inherited) @executable_path/Frameworks";
				PRODUCT_BUNDLE_IDENTIFIER = com.domainname.testCizo2;
				PRODUCT_NAME = "$(TARGET_NAME)";
				PROVISIONING_PROFILE = "";
				PROVISIONING_PROFILE_SPECIFIER = "";
				SWIFT_VERSION = 4.0;
				TARGETED_DEVICE_FAMILY = "1,2";
			};
			name = Debug;
		};
		2C0A05151FE96715001AC1A9 /* Release */ = {
			isa = XCBuildConfiguration;
			baseConfigurationReference = B0136FCE3B95C9CA01E54E55 /* Pods-Ethia.release.xcconfig */;
			buildSettings = {
				ASSETCATALOG_COMPILER_APPICON_NAME = AppIcon;
				CODE_SIGN_IDENTITY = "iPhone Developer: Richard Croome (YSKF9ZXE22)";
				"CODE_SIGN_IDENTITY[sdk=iphoneos*]" = "iPhone Developer";
				CODE_SIGN_STYLE = Automatic;
				DEVELOPMENT_TEAM = ZKGLJG593Z;
				INFOPLIST_FILE = Ethia/Info.plist;
				IPHONEOS_DEPLOYMENT_TARGET = 10.0;
				LD_RUNPATH_SEARCH_PATHS = "$(inherited) @executable_path/Frameworks";
				PRODUCT_BUNDLE_IDENTIFIER = com.domainname.testCizo2;
				PRODUCT_NAME = "$(TARGET_NAME)";
				PROVISIONING_PROFILE = "";
				PROVISIONING_PROFILE_SPECIFIER = "";
				SWIFT_VERSION = 4.0;
				TARGETED_DEVICE_FAMILY = "1,2";
			};
			name = Release;
		};
		2C0A05171FE96715001AC1A9 /* Debug */ = {
			isa = XCBuildConfiguration;
			baseConfigurationReference = 401487AF3A793156133F29F5 /* Pods-EthiaTests.debug.xcconfig */;
			buildSettings = {
				ALWAYS_EMBED_SWIFT_STANDARD_LIBRARIES = YES;
				BUNDLE_LOADER = "$(TEST_HOST)";
				CODE_SIGN_STYLE = Automatic;
				INFOPLIST_FILE = EthiaTests/Info.plist;
				LD_RUNPATH_SEARCH_PATHS = "$(inherited) @executable_path/Frameworks @loader_path/Frameworks";
				PRODUCT_BUNDLE_IDENTIFIER = com.domainname.EthiaTests;
				PRODUCT_NAME = "$(TARGET_NAME)";
				SWIFT_VERSION = 4.0;
				TARGETED_DEVICE_FAMILY = "1,2";
				TEST_HOST = "$(BUILT_PRODUCTS_DIR)/Ethia.app/Ethia";
			};
			name = Debug;
		};
		2C0A05181FE96715001AC1A9 /* Release */ = {
			isa = XCBuildConfiguration;
			baseConfigurationReference = 9C0A2D99CCACC9B01D448784 /* Pods-EthiaTests.release.xcconfig */;
			buildSettings = {
				ALWAYS_EMBED_SWIFT_STANDARD_LIBRARIES = YES;
				BUNDLE_LOADER = "$(TEST_HOST)";
				CODE_SIGN_STYLE = Automatic;
				INFOPLIST_FILE = EthiaTests/Info.plist;
				LD_RUNPATH_SEARCH_PATHS = "$(inherited) @executable_path/Frameworks @loader_path/Frameworks";
				PRODUCT_BUNDLE_IDENTIFIER = com.domainname.EthiaTests;
				PRODUCT_NAME = "$(TARGET_NAME)";
				SWIFT_VERSION = 4.0;
				TARGETED_DEVICE_FAMILY = "1,2";
				TEST_HOST = "$(BUILT_PRODUCTS_DIR)/Ethia.app/Ethia";
			};
			name = Release;
		};
		2C0A051A1FE96715001AC1A9 /* Debug */ = {
			isa = XCBuildConfiguration;
			baseConfigurationReference = 15DF2C3BB33C854FCB38C463 /* Pods-EthiaUITests.debug.xcconfig */;
			buildSettings = {
				ALWAYS_EMBED_SWIFT_STANDARD_LIBRARIES = YES;
				CODE_SIGN_STYLE = Automatic;
				INFOPLIST_FILE = EthiaUITests/Info.plist;
				LD_RUNPATH_SEARCH_PATHS = "$(inherited) @executable_path/Frameworks @loader_path/Frameworks";
				PRODUCT_BUNDLE_IDENTIFIER = com.domainname.EthiaUITests;
				PRODUCT_NAME = "$(TARGET_NAME)";
				SWIFT_VERSION = 4.0;
				TARGETED_DEVICE_FAMILY = "1,2";
				TEST_TARGET_NAME = Ethia;
			};
			name = Debug;
		};
		2C0A051B1FE96715001AC1A9 /* Release */ = {
			isa = XCBuildConfiguration;
			baseConfigurationReference = F45D59640F3D3497A79FDE92 /* Pods-EthiaUITests.release.xcconfig */;
			buildSettings = {
				ALWAYS_EMBED_SWIFT_STANDARD_LIBRARIES = YES;
				CODE_SIGN_STYLE = Automatic;
				INFOPLIST_FILE = EthiaUITests/Info.plist;
				LD_RUNPATH_SEARCH_PATHS = "$(inherited) @executable_path/Frameworks @loader_path/Frameworks";
				PRODUCT_BUNDLE_IDENTIFIER = com.domainname.EthiaUITests;
				PRODUCT_NAME = "$(TARGET_NAME)";
				SWIFT_VERSION = 4.0;
				TARGETED_DEVICE_FAMILY = "1,2";
				TEST_TARGET_NAME = Ethia;
			};
			name = Release;
		};
/* End XCBuildConfiguration section */

/* Begin XCConfigurationList section */
		2C0A04E31FE96714001AC1A9 /* Build configuration list for PBXProject "Ethia" */ = {
			isa = XCConfigurationList;
			buildConfigurations = (
				2C0A05111FE96715001AC1A9 /* Debug */,
				2C0A05121FE96715001AC1A9 /* Release */,
			);
			defaultConfigurationIsVisible = 0;
			defaultConfigurationName = Release;
		};
		2C0A05131FE96715001AC1A9 /* Build configuration list for PBXNativeTarget "Ethia" */ = {
			isa = XCConfigurationList;
			buildConfigurations = (
				2C0A05141FE96715001AC1A9 /* Debug */,
				2C0A05151FE96715001AC1A9 /* Release */,
			);
			defaultConfigurationIsVisible = 0;
			defaultConfigurationName = Release;
		};
		2C0A05161FE96715001AC1A9 /* Build configuration list for PBXNativeTarget "EthiaTests" */ = {
			isa = XCConfigurationList;
			buildConfigurations = (
				2C0A05171FE96715001AC1A9 /* Debug */,
				2C0A05181FE96715001AC1A9 /* Release */,
			);
			defaultConfigurationIsVisible = 0;
			defaultConfigurationName = Release;
		};
		2C0A05191FE96715001AC1A9 /* Build configuration list for PBXNativeTarget "EthiaUITests" */ = {
			isa = XCConfigurationList;
			buildConfigurations = (
				2C0A051A1FE96715001AC1A9 /* Debug */,
				2C0A051B1FE96715001AC1A9 /* Release */,
			);
			defaultConfigurationIsVisible = 0;
			defaultConfigurationName = Release;
		};
/* End XCConfigurationList section */

/* Begin XCVersionGroup section */
		2C0A04F21FE96714001AC1A9 /* Ethia.xcdatamodeld */ = {
			isa = XCVersionGroup;
			children = (
				2C0A04F31FE96714001AC1A9 /* Ethia.xcdatamodel */,
			);
			currentVersion = 2C0A04F31FE96714001AC1A9 /* Ethia.xcdatamodel */;
			path = Ethia.xcdatamodeld;
			sourceTree = "<group>";
			versionGroupType = wrapper.xcdatamodel;
		};
/* End XCVersionGroup section */
	};
	rootObject = 2C0A04E01FE96714001AC1A9 /* Project object */;
}
